
Microsoft Visual Studio Solution File, Format Version 12.00
# Visual Studio Version 17
VisualStudioVersion = 17.3.32804.467
MinimumVisualStudioVersion = 10.0.40219.1
Project("{FAE04EC0-301F-11D3-BF4B-00C04F79EFBC}") = "prob1", "prob1.csproj", "{37EBFC88-DFF6-4707-94FF-57F8FC7D48BF}"
EndProject
Global
	GlobalSection(SolutionConfigurationPlatforms) = preSolution
		Debug|Any CPU = Debug|Any CPU
		Release|Any CPU = Release|Any CPU
	EndGlobalSection
	GlobalSection(ProjectConfigurationPlatforms) = postSolution
		{37EBFC88-DFF6-4707-94FF-57F8FC7D48BF}.Debug|Any CPU.ActiveCfg = Debug|Any CPU
		{37EBFC88-DFF6-4707-94FF-57F8FC7D48BF}.Debug|Any CPU.Build.0 = Debug|Any CPU
		{37EBFC88-DFF6-4707-94FF-57F8FC7D48BF}.Release|Any CPU.ActiveCfg = Release|Any CPU
		{37EBFC88-DFF6-4707-94FF-57F8FC7D48BF}.Release|Any CPU.Build.0 = Release|Any CPU
	EndGlobalSection
	GlobalSection(SolutionProperties) = preSolution
		HideSolutionNode = FALSE
	EndGlobalSection
	GlobalSection(ExtensibilityGlobals) = postSolution
		SolutionGuid = {D2039D42-D83F-4284-851E-D1B53B77D715}
	EndGlobalSection
EndGlobal
