
Microsoft Visual Studio Solution File, Format Version 12.00
# Visual Studio Version 17
VisualStudioVersion = 17.3.32804.467
MinimumVisualStudioVersion = 10.0.40219.1
Project("{FAE04EC0-301F-11D3-BF4B-00C04F79EFBC}") = "prob5", "prob5.csproj", "{8E74C3D9-0329-4882-9C52-1DA2DF5944E5}"
EndProject
Global
	GlobalSection(SolutionConfigurationPlatforms) = preSolution
		Debug|Any CPU = Debug|Any CPU
		Release|Any CPU = Release|Any CPU
	EndGlobalSection
	GlobalSection(ProjectConfigurationPlatforms) = postSolution
		{8E74C3D9-0329-4882-9C52-1DA2DF5944E5}.Debug|Any CPU.ActiveCfg = Debug|Any CPU
		{8E74C3D9-0329-4882-9C52-1DA2DF5944E5}.Debug|Any CPU.Build.0 = Debug|Any CPU
		{8E74C3D9-0329-4882-9C52-1DA2DF5944E5}.Release|Any CPU.ActiveCfg = Release|Any CPU
		{8E74C3D9-0329-4882-9C52-1DA2DF5944E5}.Release|Any CPU.Build.0 = Release|Any CPU
	EndGlobalSection
	GlobalSection(SolutionProperties) = preSolution
		HideSolutionNode = FALSE
	EndGlobalSection
	GlobalSection(ExtensibilityGlobals) = postSolution
		SolutionGuid = {4046232E-0D1C-4A2A-8DEF-9D9C55FA2D57}
	EndGlobalSection
EndGlobal
