
Microsoft Visual Studio Solution File, Format Version 12.00
# Visual Studio Version 16
VisualStudioVersion = 16.0.32510.428
MinimumVisualStudioVersion = 10.0.40219.1
Project("{FAE04EC0-301F-11D3-BF4B-00C04F79EFBC}") = "SerializationDemo", "SerializationDemo\SerializationDemo.csproj", "{F002910C-0F00-4BE6-8086-3B6A6E4E5CA1}"
	ProjectSection(ProjectDependencies) = postProject
		{03DB0F52-9C9D-4E21-AE76-F99F7585E6C2} = {03DB0F52-9C9D-4E21-AE76-F99F7585E6C2}
	EndProjectSection
EndProject
Project("{FAE04EC0-301F-11D3-BF4B-00C04F79EFBC}") = "HRLibrary", "HRLibrary\HRLibrary.csproj", "{03DB0F52-9C9D-4E21-AE76-F99F7585E6C2}"
EndProject
Global
	GlobalSection(SolutionConfigurationPlatforms) = preSolution
		Debug|Any CPU = Debug|Any CPU
		Release|Any CPU = Release|Any CPU
	EndGlobalSection
	GlobalSection(ProjectConfigurationPlatforms) = postSolution
		{F002910C-0F00-4BE6-8086-3B6A6E4E5CA1}.Debug|Any CPU.ActiveCfg = Debug|Any CPU
		{F002910C-0F00-4BE6-8086-3B6A6E4E5CA1}.Debug|Any CPU.Build.0 = Debug|Any CPU
		{F002910C-0F00-4BE6-8086-3B6A6E4E5CA1}.Release|Any CPU.ActiveCfg = Release|Any CPU
		{F002910C-0F00-4BE6-8086-3B6A6E4E5CA1}.Release|Any CPU.Build.0 = Release|Any CPU
		{03DB0F52-9C9D-4E21-AE76-F99F7585E6C2}.Debug|Any CPU.ActiveCfg = Debug|Any CPU
		{03DB0F52-9C9D-4E21-AE76-F99F7585E6C2}.Debug|Any CPU.Build.0 = Debug|Any CPU
		{03DB0F52-9C9D-4E21-AE76-F99F7585E6C2}.Release|Any CPU.ActiveCfg = Release|Any CPU
		{03DB0F52-9C9D-4E21-AE76-F99F7585E6C2}.Release|Any CPU.Build.0 = Release|Any CPU
	EndGlobalSection
	GlobalSection(SolutionProperties) = preSolution
		HideSolutionNode = FALSE
	EndGlobalSection
	GlobalSection(ExtensibilityGlobals) = postSolution
		SolutionGuid = {C120E851-AA18-4EE6-94CE-93851495F0F5}
	EndGlobalSection
EndGlobal
