
Microsoft Visual Studio Solution File, Format Version 12.00
# Visual Studio Version 17
VisualStudioVersion = 17.3.32804.467
MinimumVisualStudioVersion = 10.0.40219.1
Project("{FAE04EC0-301F-11D3-BF4B-00C04F79EFBC}") = "prob14", "prob14.csproj", "{32B84945-2F68-4994-B9B1-B59A5BB84823}"
EndProject
Global
	GlobalSection(SolutionConfigurationPlatforms) = preSolution
		Debug|Any CPU = Debug|Any CPU
		Release|Any CPU = Release|Any CPU
	EndGlobalSection
	GlobalSection(ProjectConfigurationPlatforms) = postSolution
		{32B84945-2F68-4994-B9B1-B59A5BB84823}.Debug|Any CPU.ActiveCfg = Debug|Any CPU
		{32B84945-2F68-4994-B9B1-B59A5BB84823}.Debug|Any CPU.Build.0 = Debug|Any CPU
		{32B84945-2F68-4994-B9B1-B59A5BB84823}.Release|Any CPU.ActiveCfg = Release|Any CPU
		{32B84945-2F68-4994-B9B1-B59A5BB84823}.Release|Any CPU.Build.0 = Release|Any CPU
	EndGlobalSection
	GlobalSection(SolutionProperties) = preSolution
		HideSolutionNode = FALSE
	EndGlobalSection
	GlobalSection(ExtensibilityGlobals) = postSolution
		SolutionGuid = {443702E3-8A39-4389-BA3B-AB4056F10C20}
	EndGlobalSection
EndGlobal
