
Microsoft Visual Studio Solution File, Format Version 12.00
# Visual Studio Version 17
VisualStudioVersion = 17.3.32804.467
MinimumVisualStudioVersion = 10.0.40219.1
Project("{FAE04EC0-301F-11D3-BF4B-00C04F79EFBC}") = "prob15", "prob15.csproj", "{AA24C00A-7CDD-4665-B2D3-675B825386A5}"
EndProject
Global
	GlobalSection(SolutionConfigurationPlatforms) = preSolution
		Debug|Any CPU = Debug|Any CPU
		Release|Any CPU = Release|Any CPU
	EndGlobalSection
	GlobalSection(ProjectConfigurationPlatforms) = postSolution
		{AA24C00A-7CDD-4665-B2D3-675B825386A5}.Debug|Any CPU.ActiveCfg = Debug|Any CPU
		{AA24C00A-7CDD-4665-B2D3-675B825386A5}.Debug|Any CPU.Build.0 = Debug|Any CPU
		{AA24C00A-7CDD-4665-B2D3-675B825386A5}.Release|Any CPU.ActiveCfg = Release|Any CPU
		{AA24C00A-7CDD-4665-B2D3-675B825386A5}.Release|Any CPU.Build.0 = Release|Any CPU
	EndGlobalSection
	GlobalSection(SolutionProperties) = preSolution
		HideSolutionNode = FALSE
	EndGlobalSection
	GlobalSection(ExtensibilityGlobals) = postSolution
		SolutionGuid = {1353278D-23F9-4424-935C-8C278ABE39C6}
	EndGlobalSection
EndGlobal
