
Microsoft Visual Studio Solution File, Format Version 12.00
# Visual Studio Version 17
VisualStudioVersion = 17.3.32804.467
MinimumVisualStudioVersion = 10.0.40219.1
Project("{FAE04EC0-301F-11D3-BF4B-00C04F79EFBC}") = "prob12", "prob12.csproj", "{88C401D2-56AF-4BC9-8B57-00BA85892E21}"
EndProject
Global
	GlobalSection(SolutionConfigurationPlatforms) = preSolution
		Debug|Any CPU = Debug|Any CPU
		Release|Any CPU = Release|Any CPU
	EndGlobalSection
	GlobalSection(ProjectConfigurationPlatforms) = postSolution
		{88C401D2-56AF-4BC9-8B57-00BA85892E21}.Debug|Any CPU.ActiveCfg = Debug|Any CPU
		{88C401D2-56AF-4BC9-8B57-00BA85892E21}.Debug|Any CPU.Build.0 = Debug|Any CPU
		{88C401D2-56AF-4BC9-8B57-00BA85892E21}.Release|Any CPU.ActiveCfg = Release|Any CPU
		{88C401D2-56AF-4BC9-8B57-00BA85892E21}.Release|Any CPU.Build.0 = Release|Any CPU
	EndGlobalSection
	GlobalSection(SolutionProperties) = preSolution
		HideSolutionNode = FALSE
	EndGlobalSection
	GlobalSection(ExtensibilityGlobals) = postSolution
		SolutionGuid = {1CD9A7E5-EE57-46D0-A036-45D3F1F3E5C0}
	EndGlobalSection
EndGlobal
