
Microsoft Visual Studio Solution File, Format Version 12.00
# Visual Studio Version 17
VisualStudioVersion = 17.3.32804.467
MinimumVisualStudioVersion = 10.0.40219.1
Project("{FAE04EC0-301F-11D3-BF4B-00C04F79EFBC}") = "prob14", "prob14.csproj", "{82F14958-DAB4-4E09-B9A1-DA655E327458}"
EndProject
Global
	GlobalSection(SolutionConfigurationPlatforms) = preSolution
		Debug|Any CPU = Debug|Any CPU
		Release|Any CPU = Release|Any CPU
	EndGlobalSection
	GlobalSection(ProjectConfigurationPlatforms) = postSolution
		{82F14958-DAB4-4E09-B9A1-DA655E327458}.Debug|Any CPU.ActiveCfg = Debug|Any CPU
		{82F14958-DAB4-4E09-B9A1-DA655E327458}.Debug|Any CPU.Build.0 = Debug|Any CPU
		{82F14958-DAB4-4E09-B9A1-DA655E327458}.Release|Any CPU.ActiveCfg = Release|Any CPU
		{82F14958-DAB4-4E09-B9A1-DA655E327458}.Release|Any CPU.Build.0 = Release|Any CPU
	EndGlobalSection
	GlobalSection(SolutionProperties) = preSolution
		HideSolutionNode = FALSE
	EndGlobalSection
	GlobalSection(ExtensibilityGlobals) = postSolution
		SolutionGuid = {C6BA2047-5078-4907-8976-CC8F35D5A172}
	EndGlobalSection
EndGlobal
