
Microsoft Visual Studio Solution File, Format Version 12.00
# Visual Studio Version 17
VisualStudioVersion = 17.3.32804.467
MinimumVisualStudioVersion = 10.0.40219.1
Project("{FAE04EC0-301F-11D3-BF4B-00C04F79EFBC}") = "prob3", "prob3.csproj", "{DC17957E-D43E-48F3-AFC7-0C77CBAD2791}"
EndProject
Global
	GlobalSection(SolutionConfigurationPlatforms) = preSolution
		Debug|Any CPU = Debug|Any CPU
		Release|Any CPU = Release|Any CPU
	EndGlobalSection
	GlobalSection(ProjectConfigurationPlatforms) = postSolution
		{DC17957E-D43E-48F3-AFC7-0C77CBAD2791}.Debug|Any CPU.ActiveCfg = Debug|Any CPU
		{DC17957E-D43E-48F3-AFC7-0C77CBAD2791}.Debug|Any CPU.Build.0 = Debug|Any CPU
		{DC17957E-D43E-48F3-AFC7-0C77CBAD2791}.Release|Any CPU.ActiveCfg = Release|Any CPU
		{DC17957E-D43E-48F3-AFC7-0C77CBAD2791}.Release|Any CPU.Build.0 = Release|Any CPU
	EndGlobalSection
	GlobalSection(SolutionProperties) = preSolution
		HideSolutionNode = FALSE
	EndGlobalSection
	GlobalSection(ExtensibilityGlobals) = postSolution
		SolutionGuid = {CC978D8A-1C83-4ACC-BCFD-2CBC6E6BD0A6}
	EndGlobalSection
EndGlobal
