
Microsoft Visual Studio Solution File, Format Version 12.00
# Visual Studio Version 17
VisualStudioVersion = 17.3.32804.467
MinimumVisualStudioVersion = 10.0.40219.1
Project("{FAE04EC0-301F-11D3-BF4B-00C04F79EFBC}") = "2Sep-OOPS-1", "2Sep-OOPS-1.csproj", "{33B94BE8-40E3-427B-83A1-BA85AD7330CA}"
EndProject
Global
	GlobalSection(SolutionConfigurationPlatforms) = preSolution
		Debug|Any CPU = Debug|Any CPU
		Release|Any CPU = Release|Any CPU
	EndGlobalSection
	GlobalSection(ProjectConfigurationPlatforms) = postSolution
		{33B94BE8-40E3-427B-83A1-BA85AD7330CA}.Debug|Any CPU.ActiveCfg = Debug|Any CPU
		{33B94BE8-40E3-427B-83A1-BA85AD7330CA}.Debug|Any CPU.Build.0 = Debug|Any CPU
		{33B94BE8-40E3-427B-83A1-BA85AD7330CA}.Release|Any CPU.ActiveCfg = Release|Any CPU
		{33B94BE8-40E3-427B-83A1-BA85AD7330CA}.Release|Any CPU.Build.0 = Release|Any CPU
	EndGlobalSection
	GlobalSection(SolutionProperties) = preSolution
		HideSolutionNode = FALSE
	EndGlobalSection
	GlobalSection(ExtensibilityGlobals) = postSolution
		SolutionGuid = {6CA6A9B4-FA03-44AF-AB01-319DFC82CCC4}
	EndGlobalSection
EndGlobal
