
Microsoft Visual Studio Solution File, Format Version 12.00
# Visual Studio Version 17
VisualStudioVersion = 17.3.32804.467
MinimumVisualStudioVersion = 10.0.40219.1
Project("{FAE04EC0-301F-11D3-BF4B-00C04F79EFBC}") = "prob4", "prob4.csproj", "{A5923C29-6BC4-4E43-AD86-417436C1CA7B}"
EndProject
Global
	GlobalSection(SolutionConfigurationPlatforms) = preSolution
		Debug|Any CPU = Debug|Any CPU
		Release|Any CPU = Release|Any CPU
	EndGlobalSection
	GlobalSection(ProjectConfigurationPlatforms) = postSolution
		{A5923C29-6BC4-4E43-AD86-417436C1CA7B}.Debug|Any CPU.ActiveCfg = Debug|Any CPU
		{A5923C29-6BC4-4E43-AD86-417436C1CA7B}.Debug|Any CPU.Build.0 = Debug|Any CPU
		{A5923C29-6BC4-4E43-AD86-417436C1CA7B}.Release|Any CPU.ActiveCfg = Release|Any CPU
		{A5923C29-6BC4-4E43-AD86-417436C1CA7B}.Release|Any CPU.Build.0 = Release|Any CPU
	EndGlobalSection
	GlobalSection(SolutionProperties) = preSolution
		HideSolutionNode = FALSE
	EndGlobalSection
	GlobalSection(ExtensibilityGlobals) = postSolution
		SolutionGuid = {D61EBA4F-B99B-45A3-9D13-521C28B191E6}
	EndGlobalSection
EndGlobal
