
Microsoft Visual Studio Solution File, Format Version 12.00
# Visual Studio Version 17
VisualStudioVersion = 17.3.32804.467
MinimumVisualStudioVersion = 10.0.40219.1
Project("{FAE04EC0-301F-11D3-BF4B-00C04F79EFBC}") = "prob6", "prob6.csproj", "{F9F98119-2416-43AE-BBE3-36BFBAF4E15D}"
EndProject
Global
	GlobalSection(SolutionConfigurationPlatforms) = preSolution
		Debug|Any CPU = Debug|Any CPU
		Release|Any CPU = Release|Any CPU
	EndGlobalSection
	GlobalSection(ProjectConfigurationPlatforms) = postSolution
		{F9F98119-2416-43AE-BBE3-36BFBAF4E15D}.Debug|Any CPU.ActiveCfg = Debug|Any CPU
		{F9F98119-2416-43AE-BBE3-36BFBAF4E15D}.Debug|Any CPU.Build.0 = Debug|Any CPU
		{F9F98119-2416-43AE-BBE3-36BFBAF4E15D}.Release|Any CPU.ActiveCfg = Release|Any CPU
		{F9F98119-2416-43AE-BBE3-36BFBAF4E15D}.Release|Any CPU.Build.0 = Release|Any CPU
	EndGlobalSection
	GlobalSection(SolutionProperties) = preSolution
		HideSolutionNode = FALSE
	EndGlobalSection
	GlobalSection(ExtensibilityGlobals) = postSolution
		SolutionGuid = {06701ECC-3A1D-4C35-83C3-46772AB2F01C}
	EndGlobalSection
EndGlobal
