
Microsoft Visual Studio Solution File, Format Version 12.00
# Visual Studio Version 17
VisualStudioVersion = 17.3.32922.545
MinimumVisualStudioVersion = 10.0.40219.1
Project("{FAE04EC0-301F-11D3-BF4B-00C04F79EFBC}") = "ProductsWebApp", "ProductsWebApp.csproj", "{5C7A6BD3-C313-4C67-9583-92BA890A51E5}"
	ProjectSection(ProjectDependencies) = postProject
		{964B3C0D-162D-4DD4-AD72-8E88E37CFD54} = {964B3C0D-162D-4DD4-AD72-8E88E37CFD54}
	EndProjectSection
EndProject
Project("{FAE04EC0-301F-11D3-BF4B-00C04F79EFBC}") = "Customer-BAL", "..\Customer-BAL\Customer-BAL.csproj", "{964B3C0D-162D-4DD4-AD72-8E88E37CFD54}"
EndProject
Global
	GlobalSection(SolutionConfigurationPlatforms) = preSolution
		Debug|Any CPU = Debug|Any CPU
		Release|Any CPU = Release|Any CPU
	EndGlobalSection
	GlobalSection(ProjectConfigurationPlatforms) = postSolution
		{5C7A6BD3-C313-4C67-9583-92BA890A51E5}.Debug|Any CPU.ActiveCfg = Debug|Any CPU
		{5C7A6BD3-C313-4C67-9583-92BA890A51E5}.Debug|Any CPU.Build.0 = Debug|Any CPU
		{5C7A6BD3-C313-4C67-9583-92BA890A51E5}.Release|Any CPU.ActiveCfg = Release|Any CPU
		{5C7A6BD3-C313-4C67-9583-92BA890A51E5}.Release|Any CPU.Build.0 = Release|Any CPU
		{964B3C0D-162D-4DD4-AD72-8E88E37CFD54}.Debug|Any CPU.ActiveCfg = Debug|Any CPU
		{964B3C0D-162D-4DD4-AD72-8E88E37CFD54}.Debug|Any CPU.Build.0 = Debug|Any CPU
		{964B3C0D-162D-4DD4-AD72-8E88E37CFD54}.Release|Any CPU.ActiveCfg = Release|Any CPU
		{964B3C0D-162D-4DD4-AD72-8E88E37CFD54}.Release|Any CPU.Build.0 = Release|Any CPU
	EndGlobalSection
	GlobalSection(SolutionProperties) = preSolution
		HideSolutionNode = FALSE
	EndGlobalSection
	GlobalSection(ExtensibilityGlobals) = postSolution
		SolutionGuid = {02EEA229-3119-47B4-8933-C781FA27E42B}
	EndGlobalSection
EndGlobal
