
Microsoft Visual Studio Solution File, Format Version 12.00
# Visual Studio Version 17
VisualStudioVersion = 17.3.32804.467
MinimumVisualStudioVersion = 10.0.40219.1
Project("{FAE04EC0-301F-11D3-BF4B-00C04F79EFBC}") = "24Aug_Task1", "24Aug_Task1.csproj", "{7892DE1B-54D4-4D38-B0CC-52F0004DF252}"
EndProject
Global
	GlobalSection(SolutionConfigurationPlatforms) = preSolution
		Debug|Any CPU = Debug|Any CPU
		Release|Any CPU = Release|Any CPU
	EndGlobalSection
	GlobalSection(ProjectConfigurationPlatforms) = postSolution
		{7892DE1B-54D4-4D38-B0CC-52F0004DF252}.Debug|Any CPU.ActiveCfg = Debug|Any CPU
		{7892DE1B-54D4-4D38-B0CC-52F0004DF252}.Debug|Any CPU.Build.0 = Debug|Any CPU
		{7892DE1B-54D4-4D38-B0CC-52F0004DF252}.Release|Any CPU.ActiveCfg = Release|Any CPU
		{7892DE1B-54D4-4D38-B0CC-52F0004DF252}.Release|Any CPU.Build.0 = Release|Any CPU
	EndGlobalSection
	GlobalSection(SolutionProperties) = preSolution
		HideSolutionNode = FALSE
	EndGlobalSection
	GlobalSection(ExtensibilityGlobals) = postSolution
		SolutionGuid = {B705374B-1ADB-47DB-BAF9-63202F6A8342}
	EndGlobalSection
EndGlobal
