
Microsoft Visual Studio Solution File, Format Version 12.00
# Visual Studio Version 17
VisualStudioVersion = 17.3.32804.467
MinimumVisualStudioVersion = 10.0.40219.1
Project("{FAE04EC0-301F-11D3-BF4B-00C04F79EFBC}") = "Main", "Main.csproj", "{33CD8E07-5D81-4C48-B846-D002DC9648A1}"
	ProjectSection(ProjectDependencies) = postProject
		{B8987C13-2D6F-4C62-893E-D16F27B916FF} = {B8987C13-2D6F-4C62-893E-D16F27B916FF}
		{EDDD5B95-FA47-41F0-8779-E2BB8BAC2F50} = {EDDD5B95-FA47-41F0-8779-E2BB8BAC2F50}
		{F91A6BA0-6094-4D4D-BBBE-9293A2C22E84} = {F91A6BA0-6094-4D4D-BBBE-9293A2C22E84}
	EndProjectSection
EndProject
Project("{FAE04EC0-301F-11D3-BF4B-00C04F79EFBC}") = "UserModule", "..\UserModule\UserModule.csproj", "{B8987C13-2D6F-4C62-893E-D16F27B916FF}"
EndProject
Project("{FAE04EC0-301F-11D3-BF4B-00C04F79EFBC}") = "AdminModule", "..\AdminModule\AdminModule.csproj", "{EDDD5B95-FA47-41F0-8779-E2BB8BAC2F50}"
	ProjectSection(ProjectDependencies) = postProject
		{B8987C13-2D6F-4C62-893E-D16F27B916FF} = {B8987C13-2D6F-4C62-893E-D16F27B916FF}
	EndProjectSection
EndProject
Project("{FAE04EC0-301F-11D3-BF4B-00C04F79EFBC}") = "CommonOptions_GAC", "..\CommonOptions_GAC\CommonOptions_GAC.csproj", "{F91A6BA0-6094-4D4D-BBBE-9293A2C22E84}"
EndProject
Global
	GlobalSection(SolutionConfigurationPlatforms) = preSolution
		Debug|Any CPU = Debug|Any CPU
		Release|Any CPU = Release|Any CPU
	EndGlobalSection
	GlobalSection(ProjectConfigurationPlatforms) = postSolution
		{33CD8E07-5D81-4C48-B846-D002DC9648A1}.Debug|Any CPU.ActiveCfg = Debug|Any CPU
		{33CD8E07-5D81-4C48-B846-D002DC9648A1}.Debug|Any CPU.Build.0 = Debug|Any CPU
		{33CD8E07-5D81-4C48-B846-D002DC9648A1}.Release|Any CPU.ActiveCfg = Release|Any CPU
		{33CD8E07-5D81-4C48-B846-D002DC9648A1}.Release|Any CPU.Build.0 = Release|Any CPU
		{B8987C13-2D6F-4C62-893E-D16F27B916FF}.Debug|Any CPU.ActiveCfg = Debug|Any CPU
		{B8987C13-2D6F-4C62-893E-D16F27B916FF}.Debug|Any CPU.Build.0 = Debug|Any CPU
		{B8987C13-2D6F-4C62-893E-D16F27B916FF}.Release|Any CPU.ActiveCfg = Release|Any CPU
		{B8987C13-2D6F-4C62-893E-D16F27B916FF}.Release|Any CPU.Build.0 = Release|Any CPU
		{EDDD5B95-FA47-41F0-8779-E2BB8BAC2F50}.Debug|Any CPU.ActiveCfg = Debug|Any CPU
		{EDDD5B95-FA47-41F0-8779-E2BB8BAC2F50}.Debug|Any CPU.Build.0 = Debug|Any CPU
		{EDDD5B95-FA47-41F0-8779-E2BB8BAC2F50}.Release|Any CPU.ActiveCfg = Release|Any CPU
		{EDDD5B95-FA47-41F0-8779-E2BB8BAC2F50}.Release|Any CPU.Build.0 = Release|Any CPU
		{F91A6BA0-6094-4D4D-BBBE-9293A2C22E84}.Debug|Any CPU.ActiveCfg = Debug|Any CPU
		{F91A6BA0-6094-4D4D-BBBE-9293A2C22E84}.Debug|Any CPU.Build.0 = Debug|Any CPU
		{F91A6BA0-6094-4D4D-BBBE-9293A2C22E84}.Release|Any CPU.ActiveCfg = Release|Any CPU
		{F91A6BA0-6094-4D4D-BBBE-9293A2C22E84}.Release|Any CPU.Build.0 = Release|Any CPU
	EndGlobalSection
	GlobalSection(SolutionProperties) = preSolution
		HideSolutionNode = FALSE
	EndGlobalSection
	GlobalSection(ExtensibilityGlobals) = postSolution
		SolutionGuid = {4972FF74-152F-460C-B408-F08CCCD83080}
	EndGlobalSection
EndGlobal
