
Microsoft Visual Studio Solution File, Format Version 12.00
# Visual Studio Version 17
VisualStudioVersion = 17.3.32804.467
MinimumVisualStudioVersion = 10.0.40219.1
Project("{FAE04EC0-301F-11D3-BF4B-00C04F79EFBC}") = "prob14", "prob14.csproj", "{D6C1A586-50CE-42D8-BDE4-2B6A79C2E334}"
EndProject
Global
	GlobalSection(SolutionConfigurationPlatforms) = preSolution
		Debug|Any CPU = Debug|Any CPU
		Release|Any CPU = Release|Any CPU
	EndGlobalSection
	GlobalSection(ProjectConfigurationPlatforms) = postSolution
		{D6C1A586-50CE-42D8-BDE4-2B6A79C2E334}.Debug|Any CPU.ActiveCfg = Debug|Any CPU
		{D6C1A586-50CE-42D8-BDE4-2B6A79C2E334}.Debug|Any CPU.Build.0 = Debug|Any CPU
		{D6C1A586-50CE-42D8-BDE4-2B6A79C2E334}.Release|Any CPU.ActiveCfg = Release|Any CPU
		{D6C1A586-50CE-42D8-BDE4-2B6A79C2E334}.Release|Any CPU.Build.0 = Release|Any CPU
	EndGlobalSection
	GlobalSection(SolutionProperties) = preSolution
		HideSolutionNode = FALSE
	EndGlobalSection
	GlobalSection(ExtensibilityGlobals) = postSolution
		SolutionGuid = {76D2B88E-0F5B-4917-9490-321D8D89E226}
	EndGlobalSection
EndGlobal
