
Microsoft Visual Studio Solution File, Format Version 12.00
# Visual Studio Version 17
VisualStudioVersion = 17.3.32804.467
MinimumVisualStudioVersion = 10.0.40219.1
Project("{FAE04EC0-301F-11D3-BF4B-00C04F79EFBC}") = "dsa_day1", "dsa_day1.csproj", "{BDD0DE39-F1C1-4560-853F-5DDDF63063BA}"
EndProject
Global
	GlobalSection(SolutionConfigurationPlatforms) = preSolution
		Debug|Any CPU = Debug|Any CPU
		Release|Any CPU = Release|Any CPU
	EndGlobalSection
	GlobalSection(ProjectConfigurationPlatforms) = postSolution
		{BDD0DE39-F1C1-4560-853F-5DDDF63063BA}.Debug|Any CPU.ActiveCfg = Debug|Any CPU
		{BDD0DE39-F1C1-4560-853F-5DDDF63063BA}.Debug|Any CPU.Build.0 = Debug|Any CPU
		{BDD0DE39-F1C1-4560-853F-5DDDF63063BA}.Release|Any CPU.ActiveCfg = Release|Any CPU
		{BDD0DE39-F1C1-4560-853F-5DDDF63063BA}.Release|Any CPU.Build.0 = Release|Any CPU
	EndGlobalSection
	GlobalSection(SolutionProperties) = preSolution
		HideSolutionNode = FALSE
	EndGlobalSection
	GlobalSection(ExtensibilityGlobals) = postSolution
		SolutionGuid = {41DF7A62-CAC6-42F1-808D-07D1C60F0A0C}
	EndGlobalSection
EndGlobal
