
Microsoft Visual Studio Solution File, Format Version 12.00
# Visual Studio Version 17
VisualStudioVersion = 17.3.32804.467
MinimumVisualStudioVersion = 10.0.40219.1
Project("{FAE04EC0-301F-11D3-BF4B-00C04F79EFBC}") = "UnsafecodeDemo", "UnsafecodeDemo.csproj", "{64494F5E-B523-4293-ADE2-A9FDA443761D}"
EndProject
Global
	GlobalSection(SolutionConfigurationPlatforms) = preSolution
		Debug|Any CPU = Debug|Any CPU
		Release|Any CPU = Release|Any CPU
	EndGlobalSection
	GlobalSection(ProjectConfigurationPlatforms) = postSolution
		{64494F5E-B523-4293-ADE2-A9FDA443761D}.Debug|Any CPU.ActiveCfg = Debug|Any CPU
		{64494F5E-B523-4293-ADE2-A9FDA443761D}.Debug|Any CPU.Build.0 = Debug|Any CPU
		{64494F5E-B523-4293-ADE2-A9FDA443761D}.Release|Any CPU.ActiveCfg = Release|Any CPU
		{64494F5E-B523-4293-ADE2-A9FDA443761D}.Release|Any CPU.Build.0 = Release|Any CPU
	EndGlobalSection
	GlobalSection(SolutionProperties) = preSolution
		HideSolutionNode = FALSE
	EndGlobalSection
	GlobalSection(ExtensibilityGlobals) = postSolution
		SolutionGuid = {DDFBBD4A-4A32-4FC1-B060-B11401D3C0FE}
	EndGlobalSection
EndGlobal
