
Microsoft Visual Studio Solution File, Format Version 12.00
# Visual Studio Version 17
VisualStudioVersion = 17.3.32804.467
MinimumVisualStudioVersion = 10.0.40219.1
Project("{FAE04EC0-301F-11D3-BF4B-00C04F79EFBC}") = "ReflectionDemo", "ReflectionDemo.csproj", "{02CC251F-DC0D-47DF-8EAB-84CE15BAA871}"
EndProject
Project("{FAE04EC0-301F-11D3-BF4B-00C04F79EFBC}") = "MathsLogic", "..\MathsLogic\MathsLogic.csproj", "{52FDA8DE-2E3F-418E-AB67-7894F8B17F64}"
EndProject
Global
	GlobalSection(SolutionConfigurationPlatforms) = preSolution
		Debug|Any CPU = Debug|Any CPU
		Release|Any CPU = Release|Any CPU
	EndGlobalSection
	GlobalSection(ProjectConfigurationPlatforms) = postSolution
		{02CC251F-DC0D-47DF-8EAB-84CE15BAA871}.Debug|Any CPU.ActiveCfg = Debug|Any CPU
		{02CC251F-DC0D-47DF-8EAB-84CE15BAA871}.Debug|Any CPU.Build.0 = Debug|Any CPU
		{02CC251F-DC0D-47DF-8EAB-84CE15BAA871}.Release|Any CPU.ActiveCfg = Release|Any CPU
		{02CC251F-DC0D-47DF-8EAB-84CE15BAA871}.Release|Any CPU.Build.0 = Release|Any CPU
		{52FDA8DE-2E3F-418E-AB67-7894F8B17F64}.Debug|Any CPU.ActiveCfg = Debug|Any CPU
		{52FDA8DE-2E3F-418E-AB67-7894F8B17F64}.Debug|Any CPU.Build.0 = Debug|Any CPU
		{52FDA8DE-2E3F-418E-AB67-7894F8B17F64}.Release|Any CPU.ActiveCfg = Release|Any CPU
		{52FDA8DE-2E3F-418E-AB67-7894F8B17F64}.Release|Any CPU.Build.0 = Release|Any CPU
	EndGlobalSection
	GlobalSection(SolutionProperties) = preSolution
		HideSolutionNode = FALSE
	EndGlobalSection
	GlobalSection(ExtensibilityGlobals) = postSolution
		SolutionGuid = {810F86D5-7BF4-4EDB-8C62-BD46D056C057}
	EndGlobalSection
EndGlobal
