
Microsoft Visual Studio Solution File, Format Version 12.00
# Visual Studio Version 17
VisualStudioVersion = 17.3.32804.467
MinimumVisualStudioVersion = 10.0.40219.1
Project("{FAE04EC0-301F-11D3-BF4B-00C04F79EFBC}") = "prob14", "prob14.csproj", "{EAB6C398-D30A-4980-9BFA-6E00C17DD648}"
EndProject
Global
	GlobalSection(SolutionConfigurationPlatforms) = preSolution
		Debug|Any CPU = Debug|Any CPU
		Release|Any CPU = Release|Any CPU
	EndGlobalSection
	GlobalSection(ProjectConfigurationPlatforms) = postSolution
		{EAB6C398-D30A-4980-9BFA-6E00C17DD648}.Debug|Any CPU.ActiveCfg = Debug|Any CPU
		{EAB6C398-D30A-4980-9BFA-6E00C17DD648}.Debug|Any CPU.Build.0 = Debug|Any CPU
		{EAB6C398-D30A-4980-9BFA-6E00C17DD648}.Release|Any CPU.ActiveCfg = Release|Any CPU
		{EAB6C398-D30A-4980-9BFA-6E00C17DD648}.Release|Any CPU.Build.0 = Release|Any CPU
	EndGlobalSection
	GlobalSection(SolutionProperties) = preSolution
		HideSolutionNode = FALSE
	EndGlobalSection
	GlobalSection(ExtensibilityGlobals) = postSolution
		SolutionGuid = {5B478889-0FAF-4C3F-B34B-DE1235737C3E}
	EndGlobalSection
EndGlobal
